// !$*UTF8*$!
{
	archiveVersion = 1;
	classes = {
	};
	objectVersion = 50;
	objects = {

/* Begin PBXBuildFile section */
		27E0ACDC240F75420074BF93 /* AppDelegate.swift in Sources */ = {isa = PBXBuildFile; fileRef = 27E0ACDB240F75420074BF93 /* AppDelegate.swift */; };
		27E0ACDE240F75420074BF93 /* GameScene.sks in Resources */ = {isa = PBXBuildFile; fileRef = 27E0ACDD240F75420074BF93 /* GameScene.sks */; };
		27E0ACE0240F75420074BF93 /* Actions.sks in Resources */ = {isa = PBXBuildFile; fileRef = 27E0ACDF240F75420074BF93 /* Actions.sks */; };
		27E0ACE2240F75420074BF93 /* GameScene.swift in Sources */ = {isa = PBXBuildFile; fileRef = 27E0ACE1240F75420074BF93 /* GameScene.swift */; };
		27E0ACE4240F75420074BF93 /* GameViewController.swift in Sources */ = {isa = PBXBuildFile; fileRef = 27E0ACE3240F75420074BF93 /* GameViewController.swift */; };
		27E0ACE7240F75420074BF93 /* Main.storyboard in Resources */ = {isa = PBXBuildFile; fileRef = 27E0ACE5240F75420074BF93 /* Main.storyboard */; };
		27E0ACE9240F75430074BF93 /* Assets.xcassets in Resources */ = {isa = PBXBuildFile; fileRef = 27E0ACE8240F75430074BF93 /* Assets.xcassets */; };
		27E0ACEC240F75430074BF93 /* LaunchScreen.storyboard in Resources */ = {isa = PBXBuildFile; fileRef = 27E0ACEA240F75430074BF93 /* LaunchScreen.storyboard */; };
		27E0ACF7240F75430074BF93 /* GardenSproutsTests.swift in Sources */ = {isa = PBXBuildFile; fileRef = 27E0ACF6240F75430074BF93 /* GardenSproutsTests.swift */; };
		27E0AD02240F75430074BF93 /* GardenSproutsUITests.swift in Sources */ = {isa = PBXBuildFile; fileRef = 27E0AD01240F75430074BF93 /* GardenSproutsUITests.swift */; };
/* End PBXBuildFile section */

/* Begin PBXContainerItemProxy section */
		27E0ACF3240F75430074BF93 /* PBXContainerItemProxy */ = {
			isa = PBXContainerItemProxy;
			containerPortal = 27E0ACD0240F75420074BF93 /* Project object */;
			proxyType = 1;
			remoteGlobalIDString = 27E0ACD7240F75420074BF93;
			remoteInfo = GardenSprouts;
		};
		27E0ACFE240F75430074BF93 /* PBXContainerItemProxy */ = {
			isa = PBXContainerItemProxy;
			containerPortal = 27E0ACD0240F75420074BF93 /* Project object */;
			proxyType = 1;
			remoteGlobalIDString = 27E0ACD7240F75420074BF93;
			remoteInfo = GardenSprouts;
		};
/* End PBXContainerItemProxy section */

/* Begin PBXFileReference section */
		27E0ACD8240F75420074BF93 /* GardenSprouts.app */ = {isa = PBXFileReference; explicitFileType = wrapper.application; includeInIndex = 0; path = GardenSprouts.app; sourceTree = BUILT_PRODUCTS_DIR; };
		27E0ACDB240F75420074BF93 /* AppDelegate.swift */ = {isa = PBXFileReference; lastKnownFileType = sourcecode.swift; path = AppDelegate.swift; sourceTree = "<group>"; };
		27E0ACDD240F75420074BF93 /* GameScene.sks */ = {isa = PBXFileReference; lastKnownFileType = file.sks; path = GameScene.sks; sourceTree = "<group>"; };
		27E0ACDF240F75420074BF93 /* Actions.sks */ = {isa = PBXFileReference; lastKnownFileType = file.sks; path = Actions.sks; sourceTree = "<group>"; };
		27E0ACE1240F75420074BF93 /* GameScene.swift */ = {isa = PBXFileReference; lastKnownFileType = sourcecode.swift; path = GameScene.swift; sourceTree = "<group>"; };
		27E0ACE3240F75420074BF93 /* GameViewController.swift */ = {isa = PBXFileReference; lastKnownFileType = sourcecode.swift; path = GameViewController.swift; sourceTree = "<group>"; };
		27E0ACE6240F75420074BF93 /* Base */ = {isa = PBXFileReference; lastKnownFileType = file.storyboard; name = Base; path = Base.lproj/Main.storyboard; sourceTree = "<group>"; };
		27E0ACE8240F75430074BF93 /* Assets.xcassets */ = {isa = PBXFileReference; lastKnownFileType = folder.assetcatalog; path = Assets.xcassets; sourceTree = "<group>"; };
		27E0ACEB240F75430074BF93 /* Base */ = {isa = PBXFileReference; lastKnownFileType = file.storyboard; name = Base; path = Base.lproj/LaunchScreen.storyboard; sourceTree = "<group>"; };
		27E0ACED240F75430074BF93 /* Info.plist */ = {isa = PBXFileReference; lastKnownFileType = text.plist.xml; path = Info.plist; sourceTree = "<group>"; };
		27E0ACF2240F75430074BF93 /* GardenSproutsTests.xctest */ = {isa = PBXFileReference; explicitFileType = wrapper.cfbundle; includeInIndex = 0; path = GardenSproutsTests.xctest; sourceTree = BUILT_PRODUCTS_DIR; };
		27E0ACF6240F75430074BF93 /* GardenSproutsTests.swift */ = {isa = PBXFileReference; lastKnownFileType = sourcecode.swift; path = GardenSproutsTests.swift; sourceTree = "<group>"; };
		27E0ACF8240F75430074BF93 /* Info.plist */ = {isa = PBXFileReference; lastKnownFileType = text.plist.xml; path = Info.plist; sourceTree = "<group>"; };
		27E0ACFD240F75430074BF93 /* GardenSproutsUITests.xctest */ = {isa = PBXFileReference; explicitFileType = wrapper.cfbundle; includeInIndex = 0; path = GardenSproutsUITests.xctest; sourceTree = BUILT_PRODUCTS_DIR; };
		27E0AD01240F75430074BF93 /* GardenSproutsUITests.swift */ = {isa = PBXFileReference; lastKnownFileType = sourcecode.swift; path = GardenSproutsUITests.swift; sourceTree = "<group>"; };
		27E0AD03240F75430074BF93 /* Info.plist */ = {isa = PBXFileReference; lastKnownFileType = text.plist.xml; path = Info.plist; sourceTree = "<group>"; };
/* End PBXFileReference section */

/* Begin PBXFrameworksBuildPhase section */
		27E0ACD5240F75420074BF93 /* Frameworks */ = {
			isa = PBXFrameworksBuildPhase;
			buildActionMask = 2147483647;
			files = (
			);
			runOnlyForDeploymentPostprocessing = 0;
		};
		27E0ACEF240F75430074BF93 /* Frameworks */ = {
			isa = PBXFrameworksBuildPhase;
			buildActionMask = 2147483647;
			files = (
			);
			runOnlyForDeploymentPostprocessing = 0;
		};
		27E0ACFA240F75430074BF93 /* Frameworks */ = {
			isa = PBXFrameworksBuildPhase;
			buildActionMask = 2147483647;
			files = (
			);
			runOnlyForDeploymentPostprocessing = 0;
		};
/* End PBXFrameworksBuildPhase section */

/* Begin PBXGroup section */
		27E0ACCF240F75420074BF93 = {
			isa = PBXGroup;
			children = (
				27E0ACDA240F75420074BF93 /* GardenSprouts */,
				27E0ACF5240F75430074BF93 /* GardenSproutsTests */,
				27E0AD00240F75430074BF93 /* GardenSproutsUITests */,
				27E0ACD9240F75420074BF93 /* Products */,
			);
			sourceTree = "<group>";
		};
		27E0ACD9240F75420074BF93 /* Products */ = {
			isa = PBXGroup;
			children = (
				27E0ACD8240F75420074BF93 /* GardenSprouts.app */,
				27E0ACF2240F75430074BF93 /* GardenSproutsTests.xctest */,
				27E0ACFD240F75430074BF93 /* GardenSproutsUITests.xctest */,
			);
			name = Products;
			sourceTree = "<group>";
		};
		27E0ACDA240F75420074BF93 /* GardenSprouts */ = {
			isa = PBXGroup;
			children = (
				27E0ACDB240F75420074BF93 /* AppDelegate.swift */,
				27E0ACDD240F75420074BF93 /* GameScene.sks */,
				27E0ACDF240F75420074BF93 /* Actions.sks */,
				27E0ACE1240F75420074BF93 /* GameScene.swift */,
				27E0ACE3240F75420074BF93 /* GameViewController.swift */,
				27E0ACE5240F75420074BF93 /* Main.storyboard */,
				27E0ACE8240F75430074BF93 /* Assets.xcassets */,
				27E0ACEA240F75430074BF93 /* LaunchScreen.storyboard */,
				27E0ACED240F75430074BF93 /* Info.plist */,
			);
			path = GardenSprouts;
			sourceTree = "<group>";
		};
		27E0ACF5240F75430074BF93 /* GardenSproutsTests */ = {
			isa = PBXGroup;
			children = (
				27E0ACF6240F75430074BF93 /* GardenSproutsTests.swift */,
				27E0ACF8240F75430074BF93 /* Info.plist */,
			);
			path = GardenSproutsTests;
			sourceTree = "<group>";
		};
		27E0AD00240F75430074BF93 /* GardenSproutsUITests */ = {
			isa = PBXGroup;
			children = (
				27E0AD01240F75430074BF93 /* GardenSproutsUITests.swift */,
				27E0AD03240F75430074BF93 /* Info.plist */,
			);
			path = GardenSproutsUITests;
			sourceTree = "<group>";
		};
/* End PBXGroup section */

/* Begin PBXNativeTarget section */
		27E0ACD7240F75420074BF93 /* GardenSprouts */ = {
			isa = PBXNativeTarget;
			buildConfigurationList = 27E0AD06240F75430074BF93 /* Build configuration list for PBXNativeTarget "GardenSprouts" */;
			buildPhases = (
				27E0ACD4240F75420074BF93 /* Sources */,
				27E0ACD5240F75420074BF93 /* Frameworks */,
				27E0ACD6240F75420074BF93 /* Resources */,
			);
			buildRules = (
			);
			dependencies = (
			);
			name = GardenSprouts;
			productName = GardenSprouts;
			productReference = 27E0ACD8240F75420074BF93 /* GardenSprouts.app */;
			productType = "com.apple.product-type.application";
		};
		27E0ACF1240F75430074BF93 /* GardenSproutsTests */ = {
			isa = PBXNativeTarget;
			buildConfigurationList = 27E0AD09240F75430074BF93 /* Build configuration list for PBXNativeTarget "GardenSproutsTests" */;
			buildPhases = (
				27E0ACEE240F75430074BF93 /* Sources */,
				27E0ACEF240F75430074BF93 /* Frameworks */,
				27E0ACF0240F75430074BF93 /* Resources */,
			);
			buildRules = (
			);
			dependencies = (
				27E0ACF4240F75430074BF93 /* PBXTargetDependency */,
			);
			name = GardenSproutsTests;
			productName = GardenSproutsTests;
			productReference = 27E0ACF2240F75430074BF93 /* GardenSproutsTests.xctest */;
			productType = "com.apple.product-type.bundle.unit-test";
		};
		27E0ACFC240F75430074BF93 /* GardenSproutsUITests */ = {
			isa = PBXNativeTarget;
			buildConfigurationList = 27E0AD0C240F75430074BF93 /* Build configuration list for PBXNativeTarget "GardenSproutsUITests" */;
			buildPhases = (
				27E0ACF9240F75430074BF93 /* Sources */,
				27E0ACFA240F75430074BF93 /* Frameworks */,
				27E0ACFB240F75430074BF93 /* Resources */,
			);
			buildRules = (
			);
			dependencies = (
				27E0ACFF240F75430074BF93 /* PBXTargetDependency */,
			);
			name = GardenSproutsUITests;
			productName = GardenSproutsUITests;
			productReference = 27E0ACFD240F75430074BF93 /* GardenSproutsUITests.xctest */;
			productType = "com.apple.product-type.bundle.ui-testing";
		};
/* End PBXNativeTarget section */

/* Begin PBXProject section */
		27E0ACD0240F75420074BF93 /* Project object */ = {
			isa = PBXProject;
			attributes = {
				LastSwiftUpdateCheck = 1130;
				LastUpgradeCheck = 1130;
				ORGANIZATIONNAME = "John Rivera";
				TargetAttributes = {
					27E0ACD7240F75420074BF93 = {
						CreatedOnToolsVersion = 11.3.1;
					};
					27E0ACF1240F75430074BF93 = {
						CreatedOnToolsVersion = 11.3.1;
						TestTargetID = 27E0ACD7240F75420074BF93;
					};
					27E0ACFC240F75430074BF93 = {
						CreatedOnToolsVersion = 11.3.1;
						TestTargetID = 27E0ACD7240F75420074BF93;
					};
				};
			};
			buildConfigurationList = 27E0ACD3240F75420074BF93 /* Build configuration list for PBXProject "GardenSprouts" */;
			compatibilityVersion = "Xcode 9.3";
			developmentRegion = en;
			hasScannedForEncodings = 0;
			knownRegions = (
				en,
				Base,
			);
			mainGroup = 27E0ACCF240F75420074BF93;
			productRefGroup = 27E0ACD9240F75420074BF93 /* Products */;
			projectDirPath = "";
			projectRoot = "";
			targets = (
				27E0ACD7240F75420074BF93 /* GardenSprouts */,
				27E0ACF1240F75430074BF93 /* GardenSproutsTests */,
				27E0ACFC240F75430074BF93 /* GardenSproutsUITests */,
			);
		};
/* End PBXProject section */

/* Begin PBXResourcesBuildPhase section */
		27E0ACD6240F75420074BF93 /* Resources */ = {
			isa = PBXResourcesBuildPhase;
			buildActionMask = 2147483647;
			files = (
				27E0ACE7240F75420074BF93 /* Main.storyboard in Resources */,
				27E0ACDE240F75420074BF93 /* GameScene.sks in Resources */,
				27E0ACE9240F75430074BF93 /* Assets.xcassets in Resources */,
				27E0ACEC240F75430074BF93 /* LaunchScreen.storyboard in Resources */,
				27E0ACE0240F75420074BF93 /* Actions.sks in Resources */,
			);
			runOnlyForDeploymentPostprocessing = 0;
		};
		27E0ACF0240F75430074BF93 /* Resources */ = {
			isa = PBXResourcesBuildPhase;
			buildActionMask = 2147483647;
			files = (
			);
			runOnlyForDeploymentPostprocessing = 0;
		};
		27E0ACFB240F75430074BF93 /* Resources */ = {
			isa = PBXResourcesBuildPhase;
			buildActionMask = 2147483647;
			files = (
			);
			runOnlyForDeploymentPostprocessing = 0;
		};
/* End PBXResourcesBuildPhase section */

/* Begin PBXSourcesBuildPhase section */
		27E0ACD4240F75420074BF93 /* Sources */ = {
			isa = PBXSourcesBuildPhase;
			buildActionMask = 2147483647;
			files = (
				27E0ACE2240F75420074BF93 /* GameScene.swift in Sources */,
				27E0ACE4240F75420074BF93 /* GameViewController.swift in Sources */,
				27E0ACDC240F75420074BF93 /* AppDelegate.swift in Sources */,
			);
			runOnlyForDeploymentPostprocessing = 0;
		};
		27E0ACEE240F75430074BF93 /* Sources */ = {
			isa = PBXSourcesBuildPhase;
			buildActionMask = 2147483647;
			files = (
				27E0ACF7240F75430074BF93 /* GardenSproutsTests.swift in Sources */,
			);
			runOnlyForDeploymentPostprocessing = 0;
		};
		27E0ACF9240F75430074BF93 /* Sources */ = {
			isa = PBXSourcesBuildPhase;
			buildActionMask = 2147483647;
			files = (
				27E0AD02240F75430074BF93 /* GardenSproutsUITests.swift in Sources */,
			);
			runOnlyForDeploymentPostprocessing = 0;
		};
/* End PBXSourcesBuildPhase section */

/* Begin PBXTargetDependency section */
		27E0ACF4240F75430074BF93 /* PBXTargetDependency */ = {
			isa = PBXTargetDependency;
			target = 27E0ACD7240F75420074BF93 /* GardenSprouts */;
			targetProxy = 27E0ACF3240F75430074BF93 /* PBXContainerItemProxy */;
		};
		27E0ACFF240F75430074BF93 /* PBXTargetDependency */ = {
			isa = PBXTargetDependency;
			target = 27E0ACD7240F75420074BF93 /* GardenSprouts */;
			targetProxy = 27E0ACFE240F75430074BF93 /* PBXContainerItemProxy */;
		};
/* End PBXTargetDependency section */

/* Begin PBXVariantGroup section */
		27E0ACE5240F75420074BF93 /* Main.storyboard */ = {
			isa = PBXVariantGroup;
			children = (
				27E0ACE6240F75420074BF93 /* Base */,
			);
			name = Main.storyboard;
			sourceTree = "<group>";
		};
		27E0ACEA240F75430074BF93 /* LaunchScreen.storyboard */ = {
			isa = PBXVariantGroup;
			children = (
				27E0ACEB240F75430074BF93 /* Base */,
			);
			name = LaunchScreen.storyboard;
			sourceTree = "<group>";
		};
/* End PBXVariantGroup section */

/* Begin XCBuildConfiguration section */
		27E0AD04240F75430074BF93 /* Debug */ = {
			isa = XCBuildConfiguration;
			buildSettings = {
				ALWAYS_SEARCH_USER_PATHS = NO;
				CLANG_ANALYZER_NONNULL = YES;
				CLANG_ANALYZER_NUMBER_OBJECT_CONVERSION = YES_AGGRESSIVE;
				CLANG_CXX_LANGUAGE_STANDARD = "gnu++14";
				CLANG_CXX_LIBRARY = "libc++";
				CLANG_ENABLE_MODULES = YES;
				CLANG_ENABLE_OBJC_ARC = YES;
				CLANG_ENABLE_OBJC_WEAK = YES;
				CLANG_WARN_BLOCK_CAPTURE_AUTORELEASING = YES;
				CLANG_WARN_BOOL_CONVERSION = YES;
				CLANG_WARN_COMMA = YES;
				CLANG_WARN_CONSTANT_CONVERSION = YES;
				CLANG_WARN_DEPRECATED_OBJC_IMPLEMENTATIONS = YES;
				CLANG_WARN_DIRECT_OBJC_ISA_USAGE = YES_ERROR;
				CLANG_WARN_DOCUMENTATION_COMMENTS = YES;
				CLANG_WARN_EMPTY_BODY = YES;
				CLANG_WARN_ENUM_CONVERSION = YES;
				CLANG_WARN_INFINITE_RECURSION = YES;
				CLANG_WARN_INT_CONVERSION = YES;
				CLANG_WARN_NON_LITERAL_NULL_CONVERSION = YES;
				CLANG_WARN_OBJC_IMPLICIT_RETAIN_SELF = YES;
				CLANG_WARN_OBJC_LITERAL_CONVERSION = YES;
				CLANG_WARN_OBJC_ROOT_CLASS = YES_ERROR;
				CLANG_WARN_RANGE_LOOP_ANALYSIS = YES;
				CLANG_WARN_STRICT_PROTOTYPES = YES;
				CLANG_WARN_SUSPICIOUS_MOVE = YES;
				CLANG_WARN_UNGUARDED_AVAILABILITY = YES_AGGRESSIVE;
				CLANG_WARN_UNREACHABLE_CODE = YES;
				CLANG_WARN__DUPLICATE_METHOD_MATCH = YES;
				COPY_PHASE_STRIP = NO;
				DEBUG_INFORMATION_FORMAT = dwarf;
				ENABLE_STRICT_OBJC_MSGSEND = YES;
				ENABLE_TESTABILITY = YES;
				GCC_C_LANGUAGE_STANDARD = gnu11;
				GCC_DYNAMIC_NO_PIC = NO;
				GCC_NO_COMMON_BLOCKS = YES;
				GCC_OPTIMIZATION_LEVEL = 0;
				GCC_PREPROCESSOR_DEFINITIONS = (
					"DEBUG=1",
					"$(inherited)",
				);
				GCC_WARN_64_TO_32_BIT_CONVERSION = YES;
				GCC_WARN_ABOUT_RETURN_TYPE = YES_ERROR;
				GCC_WARN_UNDECLARED_SELECTOR = YES;
				GCC_WARN_UNINITIALIZED_AUTOS = YES_AGGRESSIVE;
				GCC_WARN_UNUSED_FUNCTION = YES;
				GCC_WARN_UNUSED_VARIABLE = YES;
				IPHONEOS_DEPLOYMENT_TARGET = 13.2;
				MTL_ENABLE_DEBUG_INFO = INCLUDE_SOURCE;
				MTL_FAST_MATH = YES;
				ONLY_ACTIVE_ARCH = YES;
				SDKROOT = iphoneos;
				SWIFT_ACTIVE_COMPILATION_CONDITIONS = DEBUG;
				SWIFT_OPTIMIZATION_LEVEL = "-Onone";
			};
			name = Debug;
		};
		27E0AD05240F75430074BF93 /* Release */ = {
			isa = XCBuildConfiguration;
			buildSettings = {
				ALWAYS_SEARCH_USER_PATHS = NO;
				CLANG_ANALYZER_NONNULL = YES;
				CLANG_ANALYZER_NUMBER_OBJECT_CONVERSION = YES_AGGRESSIVE;
				CLANG_CXX_LANGUAGE_STANDARD = "gnu++14";
				CLANG_CXX_LIBRARY = "libc++";
				CLANG_ENABLE_MODULES = YES;
				CLANG_ENABLE_OBJC_ARC = YES;
				CLANG_ENABLE_OBJC_WEAK = YES;
				CLANG_WARN_BLOCK_CAPTURE_AUTORELEASING = YES;
				CLANG_WARN_BOOL_CONVERSION = YES;
				CLANG_WARN_COMMA = YES;
				CLANG_WARN_CONSTANT_CONVERSION = YES;
				CLANG_WARN_DEPRECATED_OBJC_IMPLEMENTATIONS = YES;
				CLANG_WARN_DIRECT_OBJC_ISA_USAGE = YES_ERROR;
				CLANG_WARN_DOCUMENTATION_COMMENTS = YES;
				CLANG_WARN_EMPTY_BODY = YES;
				CLANG_WARN_ENUM_CONVERSION = YES;
				CLANG_WARN_INFINITE_RECURSION = YES;
				CLANG_WARN_INT_CONVERSION = YES;
				CLANG_WARN_NON_LITERAL_NULL_CONVERSION = YES;
				CLANG_WARN_OBJC_IMPLICIT_RETAIN_SELF = YES;
				CLANG_WARN_OBJC_LITERAL_CONVERSION = YES;
				CLANG_WARN_OBJC_ROOT_CLASS = YES_ERROR;
				CLANG_WARN_RANGE_LOOP_ANALYSIS = YES;
				CLANG_WARN_STRICT_PROTOTYPES = YES;
				CLANG_WARN_SUSPICIOUS_MOVE = YES;
				CLANG_WARN_UNGUARDED_AVAILABILITY = YES_AGGRESSIVE;
				CLANG_WARN_UNREACHABLE_CODE = YES;
				CLANG_WARN__DUPLICATE_METHOD_MATCH = YES;
				COPY_PHASE_STRIP = NO;
				DEBUG_INFORMATION_FORMAT = "dwarf-with-dsym";
				ENABLE_NS_ASSERTIONS = NO;
				ENABLE_STRICT_OBJC_MSGSEND = YES;
				GCC_C_LANGUAGE_STANDARD = gnu11;
				GCC_NO_COMMON_BLOCKS = YES;
				GCC_WARN_64_TO_32_BIT_CONVERSION = YES;
				GCC_WARN_ABOUT_RETURN_TYPE = YES_ERROR;
				GCC_WARN_UNDECLARED_SELECTOR = YES;
				GCC_WARN_UNINITIALIZED_AUTOS = YES_AGGRESSIVE;
				GCC_WARN_UNUSED_FUNCTION = YES;
				GCC_WARN_UNUSED_VARIABLE = YES;
				IPHONEOS_DEPLOYMENT_TARGET = 13.2;
				MTL_ENABLE_DEBUG_INFO = NO;
				MTL_FAST_MATH = YES;
				SDKROOT = iphoneos;
				SWIFT_COMPILATION_MODE = wholemodule;
				SWIFT_OPTIMIZATION_LEVEL = "-O";
				VALIDATE_PRODUCT = YES;
			};
			name = Release;
		};
		27E0AD07240F75430074BF93 /* Debug */ = {
			isa = XCBuildConfiguration;
			buildSettings = {
				ASSETCATALOG_COMPILER_APPICON_NAME = AppIcon;
				CODE_SIGN_STYLE = Automatic;
				DEVELOPMENT_TEAM = 7SQE4G2W4K;
				INFOPLIST_FILE = GardenSprouts/Info.plist;
				LD_RUNPATH_SEARCH_PATHS = (
					"$(inherited)",
					"@executable_path/Frameworks",
				);
				PRODUCT_BUNDLE_IDENTIFIER = com.peabody.GardenSprouts;
				PRODUCT_NAME = "$(TARGET_NAME)";
				SWIFT_VERSION = 5.0;
				TARGETED_DEVICE_FAMILY = "1,2";
			};
			name = Debug;
		};
		27E0AD08240F75430074BF93 /* Release */ = {
			isa = XCBuildConfiguration;
			buildSettings = {
				ASSETCATALOG_COMPILER_APPICON_NAME = AppIcon;
				CODE_SIGN_STYLE = Automatic;
				DEVELOPMENT_TEAM = 7SQE4G2W4K;
				INFOPLIST_FILE = GardenSprouts/Info.plist;
				LD_RUNPATH_SEARCH_PATHS = (
					"$(inherited)",
					"@executable_path/Frameworks",
				);
				PRODUCT_BUNDLE_IDENTIFIER = com.peabody.GardenSprouts;
				PRODUCT_NAME = "$(TARGET_NAME)";
				SWIFT_VERSION = 5.0;
				TARGETED_DEVICE_FAMILY = "1,2";
			};
			name = Release;
		};
		27E0AD0A240F75430074BF93 /* Debug */ = {
			isa = XCBuildConfiguration;
			buildSettings = {
				ALWAYS_EMBED_SWIFT_STANDARD_LIBRARIES = YES;
				BUNDLE_LOADER = "$(TEST_HOST)";
				CODE_SIGN_STYLE = Automatic;
				DEVELOPMENT_TEAM = 7SQE4G2W4K;
				INFOPLIST_FILE = GardenSproutsTests/Info.plist;
				IPHONEOS_DEPLOYMENT_TARGET = 13.2;
				LD_RUNPATH_SEARCH_PATHS = (
					"$(inherited)",
					"@executable_path/Frameworks",
					"@loader_path/Frameworks",
				);
				PRODUCT_BUNDLE_IDENTIFIER = com.peabody.GardenSproutsTests;
				PRODUCT_NAME = "$(TARGET_NAME)";
				SWIFT_VERSION = 5.0;
				TARGETED_DEVICE_FAMILY = "1,2";
				TEST_HOST = "$(BUILT_PRODUCTS_DIR)/GardenSprouts.app/GardenSprouts";
			};
			name = Debug;
		};
		27E0AD0B240F75430074BF93 /* Release */ = {
			isa = XCBuildConfiguration;
			buildSettings = {
				ALWAYS_EMBED_SWIFT_STANDARD_LIBRARIES = YES;
				BUNDLE_LOADER = "$(TEST_HOST)";
				CODE_SIGN_STYLE = Automatic;
				DEVELOPMENT_TEAM = 7SQE4G2W4K;
				INFOPLIST_FILE = GardenSproutsTests/Info.plist;
				IPHONEOS_DEPLOYMENT_TARGET = 13.2;
				LD_RUNPATH_SEARCH_PATHS = (
					"$(inherited)",
					"@executable_path/Frameworks",
					"@loader_path/Frameworks",
				);
				PRODUCT_BUNDLE_IDENTIFIER = com.peabody.GardenSproutsTests;
				PRODUCT_NAME = "$(TARGET_NAME)";
				SWIFT_VERSION = 5.0;
				TARGETED_DEVICE_FAMILY = "1,2";
				TEST_HOST = "$(BUILT_PRODUCTS_DIR)/GardenSprouts.app/GardenSprouts";
			};
			name = Release;
		};
		27E0AD0D240F75430074BF93 /* Debug */ = {
			isa = XCBuildConfiguration;
			buildSettings = {
				ALWAYS_EMBED_SWIFT_STANDARD_LIBRARIES = YES;
				CODE_SIGN_STYLE = Automatic;
				DEVELOPMENT_TEAM = 7SQE4G2W4K;
				INFOPLIST_FILE = GardenSproutsUITests/Info.plist;
				LD_RUNPATH_SEARCH_PATHS = (
					"$(inherited)",
					"@executable_path/Frameworks",
					"@loader_path/Frameworks",
				);
				PRODUCT_BUNDLE_IDENTIFIER = com.peabody.GardenSproutsUITests;
				PRODUCT_NAME = "$(TARGET_NAME)";
				SWIFT_VERSION = 5.0;
				TARGETED_DEVICE_FAMILY = "1,2";
				TEST_TARGET_NAME = GardenSprouts;
			};
			name = Debug;
		};
		27E0AD0E240F75430074BF93 /* Release */ = {
			isa = XCBuildConfiguration;
			buildSettings = {
				ALWAYS_EMBED_SWIFT_STANDARD_LIBRARIES = YES;
				CODE_SIGN_STYLE = Automatic;
				DEVELOPMENT_TEAM = 7SQE4G2W4K;
				INFOPLIST_FILE = GardenSproutsUITests/Info.plist;
				LD_RUNPATH_SEARCH_PATHS = (
					"$(inherited)",
					"@executable_path/Frameworks",
					"@loader_path/Frameworks",
				);
				PRODUCT_BUNDLE_IDENTIFIER = com.peabody.GardenSproutsUITests;
				PRODUCT_NAME = "$(TARGET_NAME)";
				SWIFT_VERSION = 5.0;
				TARGETED_DEVICE_FAMILY = "1,2";
				TEST_TARGET_NAME = GardenSprouts;
			};
			name = Release;
		};
/* End XCBuildConfiguration section */

/* Begin XCConfigurationList section */
		27E0ACD3240F75420074BF93 /* Build configuration list for PBXProject "GardenSprouts" */ = {
			isa = XCConfigurationList;
			buildConfigurations = (
				27E0AD04240F75430074BF93 /* Debug */,
				27E0AD05240F75430074BF93 /* Release */,
			);
			defaultConfigurationIsVisible = 0;
			defaultConfigurationName = Release;
		};
		27E0AD06240F75430074BF93 /* Build configuration list for PBXNativeTarget "GardenSprouts" */ = {
			isa = XCConfigurationList;
			buildConfigurations = (
				27E0AD07240F75430074BF93 /* Debug */,
				27E0AD08240F75430074BF93 /* Release */,
			);
			defaultConfigurationIsVisible = 0;
			defaultConfigurationName = Release;
		};
		27E0AD09240F75430074BF93 /* Build configuration list for PBXNativeTarget "GardenSproutsTests" */ = {
			isa = XCConfigurationList;
			buildConfigurations = (
				27E0AD0A240F75430074BF93 /* Debug */,
				27E0AD0B240F75430074BF93 /* Release */,
			);
			defaultConfigurationIsVisible = 0;
			defaultConfigurationName = Release;
		};
		27E0AD0C240F75430074BF93 /* Build configuration list for PBXNativeTarget "GardenSproutsUITests" */ = {
			isa = XCConfigurationList;
			buildConfigurations = (
				27E0AD0D240F75430074BF93 /* Debug */,
				27E0AD0E240F75430074BF93 /* Release */,
			);
			defaultConfigurationIsVisible = 0;
			defaultConfigurationName = Release;
		};
/* End XCConfigurationList section */
	};
	rootObject = 27E0ACD0240F75420074BF93 /* Project object */;
}
